
Microsoft Visual Studio Solution File, Format Version 12.00
# Visual Studio Version 17
VisualStudioVersion = 17.2.32516.85
MinimumVisualStudioVersion = 10.0.40219.1
Project("{FAE04EC0-301F-11D3-BF4B-00C04F79EFBC}") = "work01-Calculator", "work01-Calculator.csproj", "{1193160E-A3B5-4791-9DA3-1BDD2CEF0FC2}"
EndProject
Global
	GlobalSection(SolutionConfigurationPlatforms) = preSolution
		Debug|Any CPU = Debug|Any CPU
		Release|Any CPU = Release|Any CPU
	EndGlobalSection
	GlobalSection(ProjectConfigurationPlatforms) = postSolution
		{1193160E-A3B5-4791-9DA3-1BDD2CEF0FC2}.Debug|Any CPU.ActiveCfg = Debug|Any CPU
		{1193160E-A3B5-4791-9DA3-1BDD2CEF0FC2}.Debug|Any CPU.Build.0 = Debug|Any CPU
		{1193160E-A3B5-4791-9DA3-1BDD2CEF0FC2}.Release|Any CPU.ActiveCfg = Release|Any CPU
		{1193160E-A3B5-4791-9DA3-1BDD2CEF0FC2}.Release|Any CPU.Build.0 = Release|Any CPU
	EndGlobalSection
	GlobalSection(SolutionProperties) = preSolution
		HideSolutionNode = FALSE
	EndGlobalSection
	GlobalSection(ExtensibilityGlobals) = postSolution
		SolutionGuid = {44FF8E7A-5044-4911-8216-A925E08B0BC1}
	EndGlobalSection
EndGlobal
